
Microsoft Visual Studio Solution File, Format Version 12.00
Project("{FAE04EC0-301F-11D3-BF4B-00C04F79EFBC}") = "MovieAppWpf", "MovieAppWpf\MovieAppWpf.csproj", "{B19C4D29-7FA8-4F72-9DAF-745DDCF7738E}"
EndProject
Project("{FAE04EC0-301F-11D3-BF4B-00C04F79EFBC}") = "Domain", "Domain\Domain.csproj", "{B46AB2F1-0738-494C-84E2-5D6AA267FB4E}"
EndProject
Project("{FAE04EC0-301F-11D3-BF4B-00C04F79EFBC}") = "MovieBackend", "MovieBackend\MovieBackend.csproj", "{865C841F-A199-43D1-8D4C-3B1004A4E0EA}"
EndProject
Project("{FAE04EC0-301F-11D3-BF4B-00C04F79EFBC}") = "MovieApp.DAL", "MovieApp.DAL\MovieApp.DAL.csproj", "{1E528BD6-C925-4014-892B-977E517EA0A9}"
EndProject
Project("{FAE04EC0-301F-11D3-BF4B-00C04F79EFBC}") = "MovieApp.DAL.Interfaces", "MovieApp.DAL.Interfaces\MovieApp.DAL.Interfaces.csproj", "{B99FCEF5-D879-4CC1-83E8-F5E13FD3A394}"
EndProject
Project("{FAE04EC0-301F-11D3-BF4B-00C04F79EFBC}") = "MovieBackend.Interfaces", "MovieBackend.Interfaces\MovieBackend.Interfaces.csproj", "{136DCDCB-CE77-4005-8586-C5CC37F21412}"
EndProject
Project("{FAE04EC0-301F-11D3-BF4B-00C04F79EFBC}") = "MovieApp.Messaging", "MovieApp.Messaging\MovieApp.Messaging.csproj", "{C7C9A59F-88E0-49D6-A256-E25181083FAA}"
EndProject
Project("{FAE04EC0-301F-11D3-BF4B-00C04F79EFBC}") = "MovieApp.Messaging.Interfaces", "MovieApp.Messaging.Interfaces\MovieApp.Messaging.Interfaces.csproj", "{4D68EDC1-D7B5-43F9-8CC1-A7FA0044AADF}"
EndProject
Global
	GlobalSection(SolutionConfigurationPlatforms) = preSolution
		Debug|Any CPU = Debug|Any CPU
		Release|Any CPU = Release|Any CPU
	EndGlobalSection
	GlobalSection(ProjectConfigurationPlatforms) = postSolution
		{B19C4D29-7FA8-4F72-9DAF-745DDCF7738E}.Debug|Any CPU.ActiveCfg = Debug|Any CPU
		{B19C4D29-7FA8-4F72-9DAF-745DDCF7738E}.Debug|Any CPU.Build.0 = Debug|Any CPU
		{B19C4D29-7FA8-4F72-9DAF-745DDCF7738E}.Release|Any CPU.ActiveCfg = Release|Any CPU
		{B19C4D29-7FA8-4F72-9DAF-745DDCF7738E}.Release|Any CPU.Build.0 = Release|Any CPU
		{B46AB2F1-0738-494C-84E2-5D6AA267FB4E}.Debug|Any CPU.ActiveCfg = Debug|Any CPU
		{B46AB2F1-0738-494C-84E2-5D6AA267FB4E}.Debug|Any CPU.Build.0 = Debug|Any CPU
		{B46AB2F1-0738-494C-84E2-5D6AA267FB4E}.Release|Any CPU.ActiveCfg = Release|Any CPU
		{B46AB2F1-0738-494C-84E2-5D6AA267FB4E}.Release|Any CPU.Build.0 = Release|Any CPU
		{865C841F-A199-43D1-8D4C-3B1004A4E0EA}.Debug|Any CPU.ActiveCfg = Debug|Any CPU
		{865C841F-A199-43D1-8D4C-3B1004A4E0EA}.Debug|Any CPU.Build.0 = Debug|Any CPU
		{865C841F-A199-43D1-8D4C-3B1004A4E0EA}.Release|Any CPU.ActiveCfg = Release|Any CPU
		{865C841F-A199-43D1-8D4C-3B1004A4E0EA}.Release|Any CPU.Build.0 = Release|Any CPU
		{1E528BD6-C925-4014-892B-977E517EA0A9}.Debug|Any CPU.ActiveCfg = Debug|Any CPU
		{1E528BD6-C925-4014-892B-977E517EA0A9}.Debug|Any CPU.Build.0 = Debug|Any CPU
		{1E528BD6-C925-4014-892B-977E517EA0A9}.Release|Any CPU.ActiveCfg = Release|Any CPU
		{1E528BD6-C925-4014-892B-977E517EA0A9}.Release|Any CPU.Build.0 = Release|Any CPU
		{B99FCEF5-D879-4CC1-83E8-F5E13FD3A394}.Debug|Any CPU.ActiveCfg = Debug|Any CPU
		{B99FCEF5-D879-4CC1-83E8-F5E13FD3A394}.Debug|Any CPU.Build.0 = Debug|Any CPU
		{B99FCEF5-D879-4CC1-83E8-F5E13FD3A394}.Release|Any CPU.ActiveCfg = Release|Any CPU
		{B99FCEF5-D879-4CC1-83E8-F5E13FD3A394}.Release|Any CPU.Build.0 = Release|Any CPU
		{136DCDCB-CE77-4005-8586-C5CC37F21412}.Debug|Any CPU.ActiveCfg = Debug|Any CPU
		{136DCDCB-CE77-4005-8586-C5CC37F21412}.Debug|Any CPU.Build.0 = Debug|Any CPU
		{136DCDCB-CE77-4005-8586-C5CC37F21412}.Release|Any CPU.ActiveCfg = Release|Any CPU
		{136DCDCB-CE77-4005-8586-C5CC37F21412}.Release|Any CPU.Build.0 = Release|Any CPU
		{C7C9A59F-88E0-49D6-A256-E25181083FAA}.Debug|Any CPU.ActiveCfg = Debug|Any CPU
		{C7C9A59F-88E0-49D6-A256-E25181083FAA}.Debug|Any CPU.Build.0 = Debug|Any CPU
		{C7C9A59F-88E0-49D6-A256-E25181083FAA}.Release|Any CPU.ActiveCfg = Release|Any CPU
		{C7C9A59F-88E0-49D6-A256-E25181083FAA}.Release|Any CPU.Build.0 = Release|Any CPU
		{4D68EDC1-D7B5-43F9-8CC1-A7FA0044AADF}.Debug|Any CPU.ActiveCfg = Debug|Any CPU
		{4D68EDC1-D7B5-43F9-8CC1-A7FA0044AADF}.Debug|Any CPU.Build.0 = Debug|Any CPU
		{4D68EDC1-D7B5-43F9-8CC1-A7FA0044AADF}.Release|Any CPU.ActiveCfg = Release|Any CPU
		{4D68EDC1-D7B5-43F9-8CC1-A7FA0044AADF}.Release|Any CPU.Build.0 = Release|Any CPU
	EndGlobalSection
EndGlobal
